# THIS IS AN AUTOGENERATED FILE. DO NOT EDIT THIS FILE DIRECTLY.
# yarn lockfile v1


"@esbuild/aix-ppc64@0.21.5":
  version "0.21.5"
  resolved "https://registry.yarnpkg.com/@esbuild/aix-ppc64/-/aix-ppc64-0.21.5.tgz#c7184a326533fcdf1b8ee0733e21c713b975575f"
  integrity sha512-1SDgH6ZSPTlggy1yI6+Dbkiz8xzpHJEVAlF/AM1tHPLsf5STom9rwtjE4hKAF20FfXXNTFqEYXyJNWh1GiZedQ==

"@esbuild/android-arm64@0.21.5":
  version "0.21.5"
  resolved "https://registry.yarnpkg.com/@esbuild/android-arm64/-/android-arm64-0.21.5.tgz#09d9b4357780da9ea3a7dfb833a1f1ff439b4052"
  integrity sha512-c0uX9VAUBQ7dTDCjq+wdyGLowMdtR/GoC2U5IYk/7D1H1JYC0qseD7+11iMP2mRLN9RcCMRcjC4YMclCzGwS/A==

"@esbuild/android-arm@0.21.5":
  version "0.21.5"
  resolved "https://registry.yarnpkg.com/@esbuild/android-arm/-/android-arm-0.21.5.tgz#9b04384fb771926dfa6d7ad04324ecb2ab9b2e28"
  integrity sha512-vCPvzSjpPHEi1siZdlvAlsPxXl7WbOVUBBAowWug4rJHb68Ox8KualB+1ocNvT5fjv6wpkX6o/iEpbDrf68zcg==

"@esbuild/android-x64@0.21.5":
  version "0.21.5"
  resolved "https://registry.yarnpkg.com/@esbuild/android-x64/-/android-x64-0.21.5.tgz#29918ec2db754cedcb6c1b04de8cd6547af6461e"
  integrity sha512-D7aPRUUNHRBwHxzxRvp856rjUHRFW1SdQATKXH2hqA0kAZb1hKmi02OpYRacl0TxIGz/ZmXWlbZgjwWYaCakTA==

"@esbuild/darwin-arm64@0.21.5":
  version "0.21.5"
  resolved "https://registry.yarnpkg.com/@esbuild/darwin-arm64/-/darwin-arm64-0.21.5.tgz#e495b539660e51690f3928af50a76fb0a6ccff2a"
  integrity sha512-DwqXqZyuk5AiWWf3UfLiRDJ5EDd49zg6O9wclZ7kUMv2WRFr4HKjXp/5t8JZ11QbQfUS6/cRCKGwYhtNAY88kQ==

"@esbuild/darwin-x64@0.21.5":
  version "0.21.5"
  resolved "https://registry.yarnpkg.com/@esbuild/darwin-x64/-/darwin-x64-0.21.5.tgz#c13838fa57372839abdddc91d71542ceea2e1e22"
  integrity sha512-se/JjF8NlmKVG4kNIuyWMV/22ZaerB+qaSi5MdrXtd6R08kvs2qCN4C09miupktDitvh8jRFflwGFBQcxZRjbw==

"@esbuild/freebsd-arm64@0.21.5":
  version "0.21.5"
  resolved "https://registry.yarnpkg.com/@esbuild/freebsd-arm64/-/freebsd-arm64-0.21.5.tgz#646b989aa20bf89fd071dd5dbfad69a3542e550e"
  integrity sha512-5JcRxxRDUJLX8JXp/wcBCy3pENnCgBR9bN6JsY4OmhfUtIHe3ZW0mawA7+RDAcMLrMIZaf03NlQiX9DGyB8h4g==

"@esbuild/freebsd-x64@0.21.5":
  version "0.21.5"
  resolved "https://registry.yarnpkg.com/@esbuild/freebsd-x64/-/freebsd-x64-0.21.5.tgz#aa615cfc80af954d3458906e38ca22c18cf5c261"
  integrity sha512-J95kNBj1zkbMXtHVH29bBriQygMXqoVQOQYA+ISs0/2l3T9/kj42ow2mpqerRBxDJnmkUDCaQT/dfNXWX/ZZCQ==

"@esbuild/linux-arm64@0.21.5":
  version "0.21.5"
  resolved "https://registry.yarnpkg.com/@esbuild/linux-arm64/-/linux-arm64-0.21.5.tgz#70ac6fa14f5cb7e1f7f887bcffb680ad09922b5b"
  integrity sha512-ibKvmyYzKsBeX8d8I7MH/TMfWDXBF3db4qM6sy+7re0YXya+K1cem3on9XgdT2EQGMu4hQyZhan7TeQ8XkGp4Q==

"@esbuild/linux-arm@0.21.5":
  version "0.21.5"
  resolved "https://registry.yarnpkg.com/@esbuild/linux-arm/-/linux-arm-0.21.5.tgz#fc6fd11a8aca56c1f6f3894f2bea0479f8f626b9"
  integrity sha512-bPb5AHZtbeNGjCKVZ9UGqGwo8EUu4cLq68E95A53KlxAPRmUyYv2D6F0uUI65XisGOL1hBP5mTronbgo+0bFcA==

"@esbuild/linux-ia32@0.21.5":
  version "0.21.5"
  resolved "https://registry.yarnpkg.com/@esbuild/linux-ia32/-/linux-ia32-0.21.5.tgz#3271f53b3f93e3d093d518d1649d6d68d346ede2"
  integrity sha512-YvjXDqLRqPDl2dvRODYmmhz4rPeVKYvppfGYKSNGdyZkA01046pLWyRKKI3ax8fbJoK5QbxblURkwK/MWY18Tg==

"@esbuild/linux-loong64@0.21.5":
  version "0.21.5"
  resolved "https://registry.yarnpkg.com/@esbuild/linux-loong64/-/linux-loong64-0.21.5.tgz#ed62e04238c57026aea831c5a130b73c0f9f26df"
  integrity sha512-uHf1BmMG8qEvzdrzAqg2SIG/02+4/DHB6a9Kbya0XDvwDEKCoC8ZRWI5JJvNdUjtciBGFQ5PuBlpEOXQj+JQSg==

"@esbuild/linux-mips64el@0.21.5":
  version "0.21.5"
  resolved "https://registry.yarnpkg.com/@esbuild/linux-mips64el/-/linux-mips64el-0.21.5.tgz#e79b8eb48bf3b106fadec1ac8240fb97b4e64cbe"
  integrity sha512-IajOmO+KJK23bj52dFSNCMsz1QP1DqM6cwLUv3W1QwyxkyIWecfafnI555fvSGqEKwjMXVLokcV5ygHW5b3Jbg==

"@esbuild/linux-ppc64@0.21.5":
  version "0.21.5"
  resolved "https://registry.yarnpkg.com/@esbuild/linux-ppc64/-/linux-ppc64-0.21.5.tgz#5f2203860a143b9919d383ef7573521fb154c3e4"
  integrity sha512-1hHV/Z4OEfMwpLO8rp7CvlhBDnjsC3CttJXIhBi+5Aj5r+MBvy4egg7wCbe//hSsT+RvDAG7s81tAvpL2XAE4w==

"@esbuild/linux-riscv64@0.21.5":
  version "0.21.5"
  resolved "https://registry.yarnpkg.com/@esbuild/linux-riscv64/-/linux-riscv64-0.21.5.tgz#07bcafd99322d5af62f618cb9e6a9b7f4bb825dc"
  integrity sha512-2HdXDMd9GMgTGrPWnJzP2ALSokE/0O5HhTUvWIbD3YdjME8JwvSCnNGBnTThKGEB91OZhzrJ4qIIxk/SBmyDDA==

"@esbuild/linux-s390x@0.21.5":
  version "0.21.5"
  resolved "https://registry.yarnpkg.com/@esbuild/linux-s390x/-/linux-s390x-0.21.5.tgz#b7ccf686751d6a3e44b8627ababc8be3ef62d8de"
  integrity sha512-zus5sxzqBJD3eXxwvjN1yQkRepANgxE9lgOW2qLnmr8ikMTphkjgXu1HR01K4FJg8h1kEEDAqDcZQtbrRnB41A==

"@esbuild/linux-x64@0.21.5":
  version "0.21.5"
  resolved "https://registry.yarnpkg.com/@esbuild/linux-x64/-/linux-x64-0.21.5.tgz#6d8f0c768e070e64309af8004bb94e68ab2bb3b0"
  integrity sha512-1rYdTpyv03iycF1+BhzrzQJCdOuAOtaqHTWJZCWvijKD2N5Xu0TtVC8/+1faWqcP9iBCWOmjmhoH94dH82BxPQ==

"@esbuild/netbsd-x64@0.21.5":
  version "0.21.5"
  resolved "https://registry.yarnpkg.com/@esbuild/netbsd-x64/-/netbsd-x64-0.21.5.tgz#bbe430f60d378ecb88decb219c602667387a6047"
  integrity sha512-Woi2MXzXjMULccIwMnLciyZH4nCIMpWQAs049KEeMvOcNADVxo0UBIQPfSmxB3CWKedngg7sWZdLvLczpe0tLg==

"@esbuild/openbsd-x64@0.21.5":
  version "0.21.5"
  resolved "https://registry.yarnpkg.com/@esbuild/openbsd-x64/-/openbsd-x64-0.21.5.tgz#99d1cf2937279560d2104821f5ccce220cb2af70"
  integrity sha512-HLNNw99xsvx12lFBUwoT8EVCsSvRNDVxNpjZ7bPn947b8gJPzeHWyNVhFsaerc0n3TsbOINvRP2byTZ5LKezow==

"@esbuild/sunos-x64@0.21.5":
  version "0.21.5"
  resolved "https://registry.yarnpkg.com/@esbuild/sunos-x64/-/sunos-x64-0.21.5.tgz#08741512c10d529566baba837b4fe052c8f3487b"
  integrity sha512-6+gjmFpfy0BHU5Tpptkuh8+uw3mnrvgs+dSPQXQOv3ekbordwnzTVEb4qnIvQcYXq6gzkyTnoZ9dZG+D4garKg==

"@esbuild/win32-arm64@0.21.5":
  version "0.21.5"
  resolved "https://registry.yarnpkg.com/@esbuild/win32-arm64/-/win32-arm64-0.21.5.tgz#675b7385398411240735016144ab2e99a60fc75d"
  integrity sha512-Z0gOTd75VvXqyq7nsl93zwahcTROgqvuAcYDUr+vOv8uHhNSKROyU961kgtCD1e95IqPKSQKH7tBTslnS3tA8A==

"@esbuild/win32-ia32@0.21.5":
  version "0.21.5"
  resolved "https://registry.yarnpkg.com/@esbuild/win32-ia32/-/win32-ia32-0.21.5.tgz#1bfc3ce98aa6ca9a0969e4d2af72144c59c1193b"
  integrity sha512-SWXFF1CL2RVNMaVs+BBClwtfZSvDgtL//G/smwAc5oVK/UPu2Gu9tIaRgFmYFFKrmg3SyAjSrElf0TiJ1v8fYA==

"@esbuild/win32-x64@0.21.5":
  version "0.21.5"
  resolved "https://registry.yarnpkg.com/@esbuild/win32-x64/-/win32-x64-0.21.5.tgz#acad351d582d157bb145535db2a6ff53dd514b5c"
  integrity sha512-tQd/1efJuzPC6rCFwEvLtci/xNFcTZknmXs98FYDfGE4wP9ClFV98nyKrzJKVPMhdDnjzLhdUyMX4PsQAPjwIw==

"@rollup/plugin-virtual@^3.0.2":
  version "3.0.2"
  resolved "https://registry.yarnpkg.com/@rollup/plugin-virtual/-/plugin-virtual-3.0.2.tgz#17e17eeecb4c9fa1c0a6e72c9e5f66382fddbb82"
  integrity sha512-10monEYsBp3scM4/ND4LNH5Rxvh3e/cVeL3jWTgZ2SrQ+BmUoQcopVQvnaMcOnykb1VkxUFuDAN+0FnpTFRy2A==

"@rollup/rollup-android-arm-eabi@4.32.1":
  version "4.32.1"
  resolved "https://registry.yarnpkg.com/@rollup/rollup-android-arm-eabi/-/rollup-android-arm-eabi-4.32.1.tgz#c18bad635ba24220a6c8cc427ab2cab12e1531a3"
  integrity sha512-/pqA4DmqyCm8u5YIDzIdlLcEmuvxb0v8fZdFhVMszSpDTgbQKdw3/mB3eMUHIbubtJ6F9j+LtmyCnHTEqIHyzA==

"@rollup/rollup-android-arm64@4.32.1":
  version "4.32.1"
  resolved "https://registry.yarnpkg.com/@rollup/rollup-android-arm64/-/rollup-android-arm64-4.32.1.tgz#b5c00344b80f20889b72bfe65d3c209cef247362"
  integrity sha512-If3PDskT77q7zgqVqYuj7WG3WC08G1kwXGVFi9Jr8nY6eHucREHkfpX79c0ACAjLj3QIWKPJR7w4i+f5EdLH5Q==

"@rollup/rollup-darwin-arm64@4.32.1":
  version "4.32.1"
  resolved "https://registry.yarnpkg.com/@rollup/rollup-darwin-arm64/-/rollup-darwin-arm64-4.32.1.tgz#78e5358d4a2a08c090f75dd87fa2eada42eca1e5"
  integrity sha512-zCpKHioQ9KgZToFp5Wvz6zaWbMzYQ2LJHQ+QixDKq52KKrF65ueu6Af4hLlLWHjX1Wf/0G5kSJM9PySW9IrvHA==

"@rollup/rollup-darwin-x64@4.32.1":
  version "4.32.1"
  resolved "https://registry.yarnpkg.com/@rollup/rollup-darwin-x64/-/rollup-darwin-x64-4.32.1.tgz#c04c9e173244d44de50278f3f893fb68d987fcc6"
  integrity sha512-sFvF+t2+TyUo/ZQqUcifrJIgznx58oFZbdHS9TvHq3xhPVL9nOp+yZ6LKrO9GWTP+6DbFtoyLDbjTpR62Mbr3Q==

"@rollup/rollup-freebsd-arm64@4.32.1":
  version "4.32.1"
  resolved "https://registry.yarnpkg.com/@rollup/rollup-freebsd-arm64/-/rollup-freebsd-arm64-4.32.1.tgz#3bdf18d4ef32dcfe9b20bba18d7a53a101ed79d9"
  integrity sha512-NbOa+7InvMWRcY9RG+B6kKIMD/FsnQPH0MWUvDlQB1iXnF/UcKSudCXZtv4lW+C276g3w5AxPbfry5rSYvyeYA==

"@rollup/rollup-freebsd-x64@4.32.1":
  version "4.32.1"
  resolved "https://registry.yarnpkg.com/@rollup/rollup-freebsd-x64/-/rollup-freebsd-x64-4.32.1.tgz#35867b15c276f4b4ca8eb226f7dd6df8c64640db"
  integrity sha512-JRBRmwvHPXR881j2xjry8HZ86wIPK2CcDw0EXchE1UgU0ubWp9nvlT7cZYKc6bkypBt745b4bglf3+xJ7hXWWw==

"@rollup/rollup-linux-arm-gnueabihf@4.32.1":
  version "4.32.1"
  resolved "https://registry.yarnpkg.com/@rollup/rollup-linux-arm-gnueabihf/-/rollup-linux-arm-gnueabihf-4.32.1.tgz#92c212d1b38c105bd1eb101254722d27d869b1ac"
  integrity sha512-PKvszb+9o/vVdUzCCjL0sKHukEQV39tD3fepXxYrHE3sTKrRdCydI7uldRLbjLmDA3TFDmh418XH19NOsDRH8g==

"@rollup/rollup-linux-arm-musleabihf@4.32.1":
  version "4.32.1"
  resolved "https://registry.yarnpkg.com/@rollup/rollup-linux-arm-musleabihf/-/rollup-linux-arm-musleabihf-4.32.1.tgz#ebb94d8cd438f23e38caa4a87ca80d4cf5b50fa1"
  integrity sha512-9WHEMV6Y89eL606ReYowXuGF1Yb2vwfKWKdD1A5h+OYnPZSJvxbEjxTRKPgi7tkP2DSnW0YLab1ooy+i/FQp/Q==

"@rollup/rollup-linux-arm64-gnu@4.32.1":
  version "4.32.1"
  resolved "https://registry.yarnpkg.com/@rollup/rollup-linux-arm64-gnu/-/rollup-linux-arm64-gnu-4.32.1.tgz#ce6a5eacbd5fd4bdf7bf27bd818980230bdb9fab"
  integrity sha512-tZWc9iEt5fGJ1CL2LRPw8OttkCBDs+D8D3oEM8mH8S1ICZCtFJhD7DZ3XMGM8kpqHvhGUTvNUYVDnmkj4BDXnw==

"@rollup/rollup-linux-arm64-musl@4.32.1":
  version "4.32.1"
  resolved "https://registry.yarnpkg.com/@rollup/rollup-linux-arm64-musl/-/rollup-linux-arm64-musl-4.32.1.tgz#31b4e0a543607e6eb4f982ffb45830919a952a83"
  integrity sha512-FTYc2YoTWUsBz5GTTgGkRYYJ5NGJIi/rCY4oK/I8aKowx1ToXeoVVbIE4LGAjsauvlhjfl0MYacxClLld1VrOw==

"@rollup/rollup-linux-loongarch64-gnu@4.32.1":
  version "4.32.1"
  resolved "https://registry.yarnpkg.com/@rollup/rollup-linux-loongarch64-gnu/-/rollup-linux-loongarch64-gnu-4.32.1.tgz#ad7b35f193f1d2e0dc37eba733069b4af5f6498d"
  integrity sha512-F51qLdOtpS6P1zJVRzYM0v6MrBNypyPEN1GfMiz0gPu9jN8ScGaEFIZQwteSsGKg799oR5EaP7+B2jHgL+d+Kw==

"@rollup/rollup-linux-powerpc64le-gnu@4.32.1":
  version "4.32.1"
  resolved "https://registry.yarnpkg.com/@rollup/rollup-linux-powerpc64le-gnu/-/rollup-linux-powerpc64le-gnu-4.32.1.tgz#b713a55d7eac4d2c8a0109c3daca6ea85fc178b3"
  integrity sha512-wO0WkfSppfX4YFm5KhdCCpnpGbtgQNj/tgvYzrVYFKDpven8w2N6Gg5nB6w+wAMO3AIfSTWeTjfVe+uZ23zAlg==

"@rollup/rollup-linux-riscv64-gnu@4.32.1":
  version "4.32.1"
  resolved "https://registry.yarnpkg.com/@rollup/rollup-linux-riscv64-gnu/-/rollup-linux-riscv64-gnu-4.32.1.tgz#bea4fd8ad190e9bc1d11efafa2efc9d121f50b96"
  integrity sha512-iWswS9cIXfJO1MFYtI/4jjlrGb/V58oMu4dYJIKnR5UIwbkzR0PJ09O0PDZT0oJ3LYWXBSWahNf/Mjo6i1E5/g==

"@rollup/rollup-linux-s390x-gnu@4.32.1":
  version "4.32.1"
  resolved "https://registry.yarnpkg.com/@rollup/rollup-linux-s390x-gnu/-/rollup-linux-s390x-gnu-4.32.1.tgz#cc98c32733ca472635759c78a79b5f8d887b2a6a"
  integrity sha512-RKt8NI9tebzmEthMnfVgG3i/XeECkMPS+ibVZjZ6mNekpbbUmkNWuIN2yHsb/mBPyZke4nlI4YqIdFPgKuoyQQ==

"@rollup/rollup-linux-x64-gnu@4.32.1":
  version "4.32.1"
  resolved "https://registry.yarnpkg.com/@rollup/rollup-linux-x64-gnu/-/rollup-linux-x64-gnu-4.32.1.tgz#5c009c264a7ce0e19b40890ca9945440bb420691"
  integrity sha512-WQFLZ9c42ECqEjwg/GHHsouij3pzLXkFdz0UxHa/0OM12LzvX7DzedlY0SIEly2v18YZLRhCRoHZDxbBSWoGYg==

"@rollup/rollup-linux-x64-musl@4.32.1":
  version "4.32.1"
  resolved "https://registry.yarnpkg.com/@rollup/rollup-linux-x64-musl/-/rollup-linux-x64-musl-4.32.1.tgz#73d2f44070c23e031262b601927fdb4eec253bc1"
  integrity sha512-BLoiyHDOWoS3uccNSADMza6V6vCNiphi94tQlVIL5de+r6r/CCQuNnerf+1g2mnk2b6edp5dk0nhdZ7aEjOBsA==

"@rollup/rollup-win32-arm64-msvc@4.32.1":
  version "4.32.1"
  resolved "https://registry.yarnpkg.com/@rollup/rollup-win32-arm64-msvc/-/rollup-win32-arm64-msvc-4.32.1.tgz#fa106304818078f9d3fc9005642ad99f596eed2d"
  integrity sha512-w2l3UnlgYTNNU+Z6wOR8YdaioqfEnwPjIsJ66KxKAf0p+AuL2FHeTX6qvM+p/Ue3XPBVNyVSfCrfZiQh7vZHLQ==

"@rollup/rollup-win32-ia32-msvc@4.32.1":
  version "4.32.1"
  resolved "https://registry.yarnpkg.com/@rollup/rollup-win32-ia32-msvc/-/rollup-win32-ia32-msvc-4.32.1.tgz#a1a394c705a0d2a974a124c4b471fc1cf851a56f"
  integrity sha512-Am9H+TGLomPGkBnaPWie4F3x+yQ2rr4Bk2jpwy+iV+Gel9jLAu/KqT8k3X4jxFPW6Zf8OMnehyutsd+eHoq1WQ==

"@rollup/rollup-win32-x64-msvc@4.32.1":
  version "4.32.1"
  resolved "https://registry.yarnpkg.com/@rollup/rollup-win32-x64-msvc/-/rollup-win32-x64-msvc-4.32.1.tgz#512db088df67afee8f07183cdf8c9eecd64f6ef8"
  integrity sha512-ar80GhdZb4DgmW3myIS9nRFYcpJRSME8iqWgzH2i44u+IdrzmiXVxeFnExQ5v4JYUSpg94bWjevMG8JHf1Da5Q==

"@swc/core-darwin-arm64@1.10.11":
  version "1.10.11"
  resolved "https://registry.yarnpkg.com/@swc/core-darwin-arm64/-/core-darwin-arm64-1.10.11.tgz#37e79f35f1d0226465d4b5fe8e1c957e35661bd5"
  integrity sha512-ZpgEaNcx2e5D+Pd0yZGVbpSrEDOEubn7r2JXoNBf0O85lPjUm3HDzGRfLlV/MwxRPAkwm93eLP4l7gYnc50l3g==

"@swc/core-darwin-x64@1.10.11":
  version "1.10.11"
  resolved "https://registry.yarnpkg.com/@swc/core-darwin-x64/-/core-darwin-x64-1.10.11.tgz#da0354121088d73808634efb213a264400587c8f"
  integrity sha512-szObinnq2o7spXMDU5pdunmUeLrfV67Q77rV+DyojAiGJI1RSbEQotLOk+ONOLpoapwGUxOijFG4IuX1xiwQ2g==

"@swc/core-linux-arm-gnueabihf@1.10.11":
  version "1.10.11"
  resolved "https://registry.yarnpkg.com/@swc/core-linux-arm-gnueabihf/-/core-linux-arm-gnueabihf-1.10.11.tgz#4357c4f8fd1a4d53020c2e5caf048ff5ca134eec"
  integrity sha512-tVE8aXQwd8JUB9fOGLawFJa76nrpvp3dvErjozMmWSKWqtoeO7HV83aOrVtc8G66cj4Vq7FjTE9pOJeV1FbKRw==

"@swc/core-linux-arm64-gnu@1.10.11":
  version "1.10.11"
  resolved "https://registry.yarnpkg.com/@swc/core-linux-arm64-gnu/-/core-linux-arm64-gnu-1.10.11.tgz#2b92ddb2500c1292a999fc617044bed8318ac0dc"
  integrity sha512-geFkENU5GMEKO7FqHOaw9HVlpQEW10nICoM6ubFc0hXBv8dwRXU4vQbh9s/isLSFRftw1m4jEEWixAnXSw8bxQ==

"@swc/core-linux-arm64-musl@1.10.11":
  version "1.10.11"
  resolved "https://registry.yarnpkg.com/@swc/core-linux-arm64-musl/-/core-linux-arm64-musl-1.10.11.tgz#8545fd335bd5234522bc23a8a11582ff549e26eb"
  integrity sha512-2mMscXe/ivq8c4tO3eQSbQDFBvagMJGlalXCspn0DgDImLYTEnt/8KHMUMGVfh0gMJTZ9q4FlGLo7mlnbx99MQ==

"@swc/core-linux-x64-gnu@1.10.11":
  version "1.10.11"
  resolved "https://registry.yarnpkg.com/@swc/core-linux-x64-gnu/-/core-linux-x64-gnu-1.10.11.tgz#79e94f3d59e29016c8294d401d8b35bc13d6586a"
  integrity sha512-eu2apgDbC4xwsigpl6LS+iyw6a3mL6kB4I+6PZMbFF2nIb1Dh7RGnu70Ai6mMn1o80fTmRSKsCT3CKMfVdeNFg==

"@swc/core-linux-x64-musl@1.10.11":
  version "1.10.11"
  resolved "https://registry.yarnpkg.com/@swc/core-linux-x64-musl/-/core-linux-x64-musl-1.10.11.tgz#edceb8cf38ad00d82db56349b919d4482bc5ba96"
  integrity sha512-0n+wPWpDigwqRay4IL2JIvAqSKCXv6nKxPig9M7+epAlEQlqX+8Oq/Ap3yHtuhjNPb7HmnqNJLCXT1Wx+BZo0w==

"@swc/core-win32-arm64-msvc@1.10.11":
  version "1.10.11"
  resolved "https://registry.yarnpkg.com/@swc/core-win32-arm64-msvc/-/core-win32-arm64-msvc-1.10.11.tgz#000e82ccd079a7eab382b9124b216e2310d7d013"
  integrity sha512-7+bMSIoqcbXKosIVd314YjckDRPneA4OpG1cb3/GrkQTEDXmWT3pFBBlJf82hzJfw7b6lfv6rDVEFBX7/PJoLA==

"@swc/core-win32-ia32-msvc@1.10.11":
  version "1.10.11"
  resolved "https://registry.yarnpkg.com/@swc/core-win32-ia32-msvc/-/core-win32-ia32-msvc-1.10.11.tgz#6138bdf97a221d2194f4181bf87255063520210d"
  integrity sha512-6hkLl4+3KjP/OFTryWxpW7YFN+w4R689TSPwiII4fFgsFNupyEmLWWakKfkGgV2JVA59L4Oi02elHy/O1sbgtw==

"@swc/core-win32-x64-msvc@1.10.11":
  version "1.10.11"
  resolved "https://registry.yarnpkg.com/@swc/core-win32-x64-msvc/-/core-win32-x64-msvc-1.10.11.tgz#d1571d46a5c0efe17ef12898bc605e301d266b2d"
  integrity sha512-kKNE2BGu/La2k2WFHovenqZvGQAHRIU+rd2/6a7D6EiQ6EyimtbhUqjCCZ+N1f5fIAnvM+sMdLiQJq4jdd/oOQ==

"@swc/core@^1.7.0":
  version "1.10.11"
  resolved "https://registry.yarnpkg.com/@swc/core/-/core-1.10.11.tgz#cbc72a940b127dd6313b5c6c5ab67a746cd39751"
  integrity sha512-3zGU5y3S20cAwot9ZcsxVFNsSVaptG+dKdmAxORSE3EX7ixe1Xn5kUwLlgIsM4qrwTUWCJDLNhRS+2HLFivcDg==
  dependencies:
    "@swc/counter" "^0.1.3"
    "@swc/types" "^0.1.17"
  optionalDependencies:
    "@swc/core-darwin-arm64" "1.10.11"
    "@swc/core-darwin-x64" "1.10.11"
    "@swc/core-linux-arm-gnueabihf" "1.10.11"
    "@swc/core-linux-arm64-gnu" "1.10.11"
    "@swc/core-linux-arm64-musl" "1.10.11"
    "@swc/core-linux-x64-gnu" "1.10.11"
    "@swc/core-linux-x64-musl" "1.10.11"
    "@swc/core-win32-arm64-msvc" "1.10.11"
    "@swc/core-win32-ia32-msvc" "1.10.11"
    "@swc/core-win32-x64-msvc" "1.10.11"

"@swc/counter@^0.1.3":
  version "0.1.3"
  resolved "https://registry.yarnpkg.com/@swc/counter/-/counter-0.1.3.tgz#cc7463bd02949611c6329596fccd2b0ec782b0e9"
  integrity sha512-e2BR4lsJkkRlKZ/qCHPw9ZaSxc0MVUd7gtbtaB7aMvHeJVYe8sOB8DBZkP2DtISHGSku9sCK6T6cnY0CtXrOCQ==

"@swc/types@^0.1.17":
  version "0.1.17"
  resolved "https://registry.yarnpkg.com/@swc/types/-/types-0.1.17.tgz#bd1d94e73497f27341bf141abdf4c85230d41e7c"
  integrity sha512-V5gRru+aD8YVyCOMAjMpWR1Ui577DD5KSJsHP8RAxopAH22jFz6GZd/qxqjO6MJHQhcsjvjOFXyDhyLQUnMveQ==
  dependencies:
    "@swc/counter" "^0.1.3"

"@types/bootstrap-datepicker@0.0.14":
  version "0.0.14"
  resolved "https://registry.yarnpkg.com/@types/bootstrap-datepicker/-/bootstrap-datepicker-0.0.14.tgz#89bc5816dd0b802bf8d4923cf5461e2c98cbb450"
  integrity sha512-ZBwEUuwYpehEHWtkaIDl55N3F6dPz6xEsoPW5esCZdtuhuZdNC/ebFV2n48kATcY5S2HD3V0O5/J8nuEgVk9fQ==
  dependencies:
    "@types/jquery" "*"

"@types/bootstrap@3.4.0":
  version "3.4.0"
  resolved "https://registry.yarnpkg.com/@types/bootstrap/-/bootstrap-3.4.0.tgz#7e74a2421b3984ce53ab459e979a99a78dd802c6"
  integrity sha512-LS05hVAAsX86qbHg7W+ydwBlNHrVCoFw6wEP3/uW4eYmRXl08bWmPeN/+onM+8qZTFfDgUlG/OItJI8SW972oQ==
  dependencies:
    "@types/jquery" "*"

"@types/datatables.net@^1.10.19":
  version "1.12.3"
  resolved "https://registry.yarnpkg.com/@types/datatables.net/-/datatables.net-1.12.3.tgz#9436712547fe543fd9f28ff3300ee8b6f52c56e5"
  integrity sha512-6Vguiqfey9UMweEJDrfi3K6PCizqAfVm8eW8oeFQPc7l/Pq/LjHmiBb5uu1nSWo8XE85yfjXFxcCHf3r2JmAMA==
  dependencies:
    datatables.net "*"

"@types/estree@1.0.6":
  version "1.0.6"
  resolved "https://registry.yarnpkg.com/@types/estree/-/estree-1.0.6.tgz#628effeeae2064a1b4e79f78e81d87b7e5fc7b50"
  integrity sha512-AYnb1nQyY49te+VRAVgmzfcgjYS91mY5P0TKUDCLEM+gNnA+3T6rWITXRLYCpahpqSQbN5cE+gHpnPyXjHWxcw==

"@types/ion-rangeslider@2.3.0":
  version "2.3.0"
  resolved "https://registry.yarnpkg.com/@types/ion-rangeslider/-/ion-rangeslider-2.3.0.tgz#dd089921c21acebc266c37e95d191e721ea21750"
  integrity sha512-u1k2Ekfg7E/ByCrtqtMk98g3QMXnMyIjCKU397YfjhWnTrms2BteoTanMqe0MJ1zyBBiP6+bwbc7P4cU+RiL+w==

"@types/jquery@*", "@types/jquery@^3.5.30", "@types/jquery@patch:@types/jquery@3.5.5#./srcts/patch/types-jquery.patch":
  version "3.5.32"
  resolved "https://registry.yarnpkg.com/@types/jquery/-/jquery-3.5.32.tgz#3eb0da20611b92c7c49ebed6163b52a4fdc57def"
  integrity sha512-b9Xbf4CkMqS02YH8zACqN1xzdxc3cO735Qe5AbSUFmyOiaWAbcpqh9Wna+Uk0vgACvoQHpWDg2rGdHkYPLmCiQ==
  dependencies:
    "@types/sizzle" "*"

"@types/rstudio-shiny@https://github.com/rstudio/shiny#v1.7.0":
  version "1.7.0"
  resolved "https://github.com/rstudio/shiny#0fc861afb4c748b544ce1ac39be2e44563a7acf2"
  dependencies:
    "@types/bootstrap" "3.4.0"
    "@types/bootstrap-datepicker" "0.0.14"
    "@types/datatables.net" "^1.10.19"
    "@types/ion-rangeslider" "2.3.0"
    "@types/jquery" "patch:@types/jquery@3.5.5#./srcts/patch/types-jquery.patch"
    "@types/selectize" "0.12.34"

"@types/selectize@0.12.34":
  version "0.12.34"
  resolved "https://registry.yarnpkg.com/@types/selectize/-/selectize-0.12.34.tgz#24a79e3176103019d2371ae9fc8487dcd1336cea"
  integrity sha512-OAXHsgsHBMJBHnB6QrFlHVa0+gCE5lgjdpwJDlJLRhrcsM4I2VXrm2vsG00//Rpdm4XgnX17vrBpjHlWOk1ALw==

"@types/sizzle@*":
  version "2.3.9"
  resolved "https://registry.yarnpkg.com/@types/sizzle/-/sizzle-2.3.9.tgz#d4597dbd4618264c414d7429363e3f50acb66ea2"
  integrity sha512-xzLEyKB50yqCUPUJkIsrVvoWNfFUbIZI+RspLWt8u+tIW/BetMBZtgV2LY/2o+tYH8dRvQ+eoPf3NdhQCcLE2w==

datatables.net@*:
  version "2.2.1"
  resolved "https://registry.yarnpkg.com/datatables.net/-/datatables.net-2.2.1.tgz#30506074a42eb6f9bfdd823bd7e97d7458c6f1c4"
  integrity sha512-Hz7f+a77xGdroAzej88aobT5nkQIJ2Oy1JI7yh2cl0QAXQSJDXOKkOLknu+nphVP8CP8w9MtLCmwMst/F8niiQ==
  dependencies:
    jquery ">=1.7"

esbuild@^0.21.3:
  version "0.21.5"
  resolved "https://registry.yarnpkg.com/esbuild/-/esbuild-0.21.5.tgz#9ca301b120922959b766360d8ac830da0d02997d"
  integrity sha512-mg3OPMV4hXywwpoDxu3Qda5xCKQi+vCTZq8S9J/EpkhB2HzKXq4SNFZE3+NK93JYxc8VMSep+lOUSC/RVKaBqw==
  optionalDependencies:
    "@esbuild/aix-ppc64" "0.21.5"
    "@esbuild/android-arm" "0.21.5"
    "@esbuild/android-arm64" "0.21.5"
    "@esbuild/android-x64" "0.21.5"
    "@esbuild/darwin-arm64" "0.21.5"
    "@esbuild/darwin-x64" "0.21.5"
    "@esbuild/freebsd-arm64" "0.21.5"
    "@esbuild/freebsd-x64" "0.21.5"
    "@esbuild/linux-arm" "0.21.5"
    "@esbuild/linux-arm64" "0.21.5"
    "@esbuild/linux-ia32" "0.21.5"
    "@esbuild/linux-loong64" "0.21.5"
    "@esbuild/linux-mips64el" "0.21.5"
    "@esbuild/linux-ppc64" "0.21.5"
    "@esbuild/linux-riscv64" "0.21.5"
    "@esbuild/linux-s390x" "0.21.5"
    "@esbuild/linux-x64" "0.21.5"
    "@esbuild/netbsd-x64" "0.21.5"
    "@esbuild/openbsd-x64" "0.21.5"
    "@esbuild/sunos-x64" "0.21.5"
    "@esbuild/win32-arm64" "0.21.5"
    "@esbuild/win32-ia32" "0.21.5"
    "@esbuild/win32-x64" "0.21.5"

fsevents@~2.3.2, fsevents@~2.3.3:
  version "2.3.3"
  resolved "https://registry.yarnpkg.com/fsevents/-/fsevents-2.3.3.tgz#cac6407785d03675a2a5e1a5305c697b347d90d6"
  integrity sha512-5xoDfX+fL7faATnagmWPpbFtwh/R77WmMMqqHGS65C3vvB0YHrgF+B1YmZ3441tMj5n63k0212XNoJwzlhffQw==

jquery@>=1.7:
  version "3.7.1"
  resolved "https://registry.yarnpkg.com/jquery/-/jquery-3.7.1.tgz#083ef98927c9a6a74d05a6af02806566d16274de"
  integrity sha512-m4avr8yL8kmFN8psrbFFFmB/If14iN5o9nw/NgnnM+kybDJpRsAynV2BsfpTYrTRysYUdADVD7CkUUizgkpLfg==

leptosExampleWasm@../out/leptosExampleWasm:
  version "0.1.0"

nanoid@^3.3.8:
  version "3.3.8"
  resolved "https://registry.yarnpkg.com/nanoid/-/nanoid-3.3.8.tgz#b1be3030bee36aaff18bacb375e5cce521684baf"
  integrity sha512-WNLf5Sd8oZxOm+TzppcYk8gVOgP+l58xNy58D0nbUnOxOWRWvlcCV4kUF7ltmI6PsrLl/BgKEyS4mqsGChFN0w==

picocolors@^1.1.1:
  version "1.1.1"
  resolved "https://registry.yarnpkg.com/picocolors/-/picocolors-1.1.1.tgz#3d321af3eab939b083c8f929a1d12cda81c26b6b"
  integrity sha512-xceH2snhtb5M9liqDsmEw56le376mTZkEX/jEb/RxNFyegNul7eNslCXP9FDj/Lcu0X8KEyMceP2ntpaHrDEVA==

postcss@^8.4.43:
  version "8.5.1"
  resolved "https://registry.yarnpkg.com/postcss/-/postcss-8.5.1.tgz#e2272a1f8a807fafa413218245630b5db10a3214"
  integrity sha512-6oz2beyjc5VMn/KV1pPw8fliQkhBXrVn1Z3TVyqZxU8kZpzEKhBdmCFqI6ZbmGtamQvQGuU1sgPTk8ZrXDD7jQ==
  dependencies:
    nanoid "^3.3.8"
    picocolors "^1.1.1"
    source-map-js "^1.2.1"

rollup@^4.20.0:
  version "4.32.1"
  resolved "https://registry.yarnpkg.com/rollup/-/rollup-4.32.1.tgz#95309604d92c3d21cbf06c3ee46a098209ce13a4"
  integrity sha512-z+aeEsOeEa3mEbS1Tjl6sAZ8NE3+AalQz1RJGj81M+fizusbdDMoEJwdJNHfaB40Scr4qNu+welOfes7maKonA==
  dependencies:
    "@types/estree" "1.0.6"
  optionalDependencies:
    "@rollup/rollup-android-arm-eabi" "4.32.1"
    "@rollup/rollup-android-arm64" "4.32.1"
    "@rollup/rollup-darwin-arm64" "4.32.1"
    "@rollup/rollup-darwin-x64" "4.32.1"
    "@rollup/rollup-freebsd-arm64" "4.32.1"
    "@rollup/rollup-freebsd-x64" "4.32.1"
    "@rollup/rollup-linux-arm-gnueabihf" "4.32.1"
    "@rollup/rollup-linux-arm-musleabihf" "4.32.1"
    "@rollup/rollup-linux-arm64-gnu" "4.32.1"
    "@rollup/rollup-linux-arm64-musl" "4.32.1"
    "@rollup/rollup-linux-loongarch64-gnu" "4.32.1"
    "@rollup/rollup-linux-powerpc64le-gnu" "4.32.1"
    "@rollup/rollup-linux-riscv64-gnu" "4.32.1"
    "@rollup/rollup-linux-s390x-gnu" "4.32.1"
    "@rollup/rollup-linux-x64-gnu" "4.32.1"
    "@rollup/rollup-linux-x64-musl" "4.32.1"
    "@rollup/rollup-win32-arm64-msvc" "4.32.1"
    "@rollup/rollup-win32-ia32-msvc" "4.32.1"
    "@rollup/rollup-win32-x64-msvc" "4.32.1"
    fsevents "~2.3.2"

source-map-js@^1.2.1:
  version "1.2.1"
  resolved "https://registry.yarnpkg.com/source-map-js/-/source-map-js-1.2.1.tgz#1ce5650fddd87abc099eda37dcff024c2667ae46"
  integrity sha512-UXWMKhLOwVKb728IUtQPXxfYU+usdybtUrK/8uGE8CQMvrhOpwvzDBwj0QhSL7MQc7vIsISBG8VQ8+IDQxpfQA==

typescript@^5.4.5:
  version "5.7.3"
  resolved "https://registry.yarnpkg.com/typescript/-/typescript-5.7.3.tgz#919b44a7dbb8583a9b856d162be24a54bf80073e"
  integrity sha512-84MVSjMEHP+FQRPy3pX9sTVV/INIex71s9TL2Gm5FG/WG1SqXeKyZ0k7/blY/4FdOzI12CBy1vGc4og/eus0fw==

uuid@^10.0.0:
  version "10.0.0"
  resolved "https://registry.yarnpkg.com/uuid/-/uuid-10.0.0.tgz#5a95aa454e6e002725c79055fd42aaba30ca6294"
  integrity sha512-8XkAphELsDnEGrDxUOHB3RGvXz6TeuYSGEZBOjtTtPm2lwhGBjLgOzLHB63IUWfBpNucQjND6d3AOudO+H3RWQ==

vite-plugin-top-level-await@^1.4.4:
  version "1.4.4"
  resolved "https://registry.yarnpkg.com/vite-plugin-top-level-await/-/vite-plugin-top-level-await-1.4.4.tgz#4900e06bfb7179de20aaa9b4730d04022a9e259e"
  integrity sha512-QyxQbvcMkgt+kDb12m2P8Ed35Sp6nXP+l8ptGrnHV9zgYDUpraO0CPdlqLSeBqvY2DToR52nutDG7mIHuysdiw==
  dependencies:
    "@rollup/plugin-virtual" "^3.0.2"
    "@swc/core" "^1.7.0"
    uuid "^10.0.0"

vite-plugin-wasm@^3.4.1:
  version "3.4.1"
  resolved "https://registry.yarnpkg.com/vite-plugin-wasm/-/vite-plugin-wasm-3.4.1.tgz#62b546ac7e25cc2a0e7b1331ed5c4ba1dd71b743"
  integrity sha512-ja3nSo2UCkVeitltJGkS3pfQHAanHv/DqGatdI39ja6McgABlpsZ5hVgl6wuR8Qx5etY3T5qgDQhOWzc5RReZA==

vite@^5.2.11:
  version "5.4.14"
  resolved "https://registry.yarnpkg.com/vite/-/vite-5.4.14.tgz#ff8255edb02134df180dcfca1916c37a6abe8408"
  integrity sha512-EK5cY7Q1D8JNhSaPKVK4pwBFvaTmZxEnoKXLG/U9gmdDcihQGNzFlgIvaxezFR4glP1LsuiedwMBqCXH3wZccA==
  dependencies:
    esbuild "^0.21.3"
    postcss "^8.4.43"
    rollup "^4.20.0"
  optionalDependencies:
    fsevents "~2.3.3"
